
Microsoft Visual Studio Solution File, Format Version 12.00
# Visual Studio Version 17
VisualStudioVersion = 17.3.32728.150
MinimumVisualStudioVersion = 10.0.40219.1
Project("{2150E333-8FDC-42A3-9474-1A3956D46DE8}") = "Solution Items", "Solution Items", "{88AF1166-B9A3-4047-9B2F-C6B8BC4DB64D}"
	ProjectSection(SolutionItems) = preProject
		Directory.Build.props = Directory.Build.props
	EndProjectSection
EndProject
Project("{9A19103F-16F7-4668-BE54-9A1E7A4F7556}") = "WinFormsApp1", "WinFormsApp1\WinFormsApp1.csproj", "{777633E1-9AA7-49F8-98DE-8B7E2AE2D37B}"
EndProject
Project("{9A19103F-16F7-4668-BE54-9A1E7A4F7556}") = "D3D_Mama", "D3D\D3D_Mama.csproj", "{8813BF7A-9EAE-43DD-AD9A-20C65E5DEC94}"
EndProject
Project("{9A19103F-16F7-4668-BE54-9A1E7A4F7556}") = "D3D11_Mama", "D3D11\D3D11_Mama.csproj", "{9AA0C18C-8481-437F-88E2-6992B0E12821}"
EndProject
Project("{9A19103F-16F7-4668-BE54-9A1E7A4F7556}") = "D3D11_MyDrawSets", "D3D11\D3D11_MyDrawSets.csproj", "{834A59B1-A82D-4284-B5E4-2BB4B67DB8F7}"
EndProject
Project("{9A19103F-16F7-4668-BE54-9A1E7A4F7556}") = "D3D12_Mama", "D3D12\D3D12_Mama.csproj", "{AAFCF35B-5FF4-4793-ABFA-8A64CFB9E0CA}"
EndProject
Project("{9A19103F-16F7-4668-BE54-9A1E7A4F7556}") = "D3D12_MyDrawSets", "D3D12\D3D12_MyDrawSets.csproj", "{2946462E-BC1B-4EA4-B001-1C36EAF8C10B}"
EndProject
Project("{9A19103F-16F7-4668-BE54-9A1E7A4F7556}") = "D3D_MyModels", "D3D\D3D_MyModels.csproj", "{ED561080-FDDF-4276-8E13-99AA6CE02A1B}"
EndProject
Project("{2150E333-8FDC-42A3-9474-1A3956D46DE8}") = "D3D", "D3D", "{6AA01183-2B9D-4A1F-9685-2C41282F83F1}"
EndProject
Project("{2150E333-8FDC-42A3-9474-1A3956D46DE8}") = "D3D11", "D3D11", "{4346E83F-0397-44D6-AB7B-61642E925FB9}"
EndProject
Project("{2150E333-8FDC-42A3-9474-1A3956D46DE8}") = "D3D12", "D3D12", "{3119BCB4-8919-4EAA-905D-936696A18EB9}"
EndProject
Global
	GlobalSection(SolutionConfigurationPlatforms) = preSolution
		Debug|Any CPU = Debug|Any CPU
		Release|Any CPU = Release|Any CPU
	EndGlobalSection
	GlobalSection(ProjectConfigurationPlatforms) = postSolution
		{777633E1-9AA7-49F8-98DE-8B7E2AE2D37B}.Debug|Any CPU.ActiveCfg = Debug|Any CPU
		{777633E1-9AA7-49F8-98DE-8B7E2AE2D37B}.Debug|Any CPU.Build.0 = Debug|Any CPU
		{777633E1-9AA7-49F8-98DE-8B7E2AE2D37B}.Release|Any CPU.ActiveCfg = Release|Any CPU
		{777633E1-9AA7-49F8-98DE-8B7E2AE2D37B}.Release|Any CPU.Build.0 = Release|Any CPU
		{8813BF7A-9EAE-43DD-AD9A-20C65E5DEC94}.Debug|Any CPU.ActiveCfg = Debug|Any CPU
		{8813BF7A-9EAE-43DD-AD9A-20C65E5DEC94}.Debug|Any CPU.Build.0 = Debug|Any CPU
		{8813BF7A-9EAE-43DD-AD9A-20C65E5DEC94}.Release|Any CPU.ActiveCfg = Release|Any CPU
		{8813BF7A-9EAE-43DD-AD9A-20C65E5DEC94}.Release|Any CPU.Build.0 = Release|Any CPU
		{9AA0C18C-8481-437F-88E2-6992B0E12821}.Debug|Any CPU.ActiveCfg = Debug|Any CPU
		{9AA0C18C-8481-437F-88E2-6992B0E12821}.Debug|Any CPU.Build.0 = Debug|Any CPU
		{9AA0C18C-8481-437F-88E2-6992B0E12821}.Release|Any CPU.ActiveCfg = Release|Any CPU
		{9AA0C18C-8481-437F-88E2-6992B0E12821}.Release|Any CPU.Build.0 = Release|Any CPU
		{834A59B1-A82D-4284-B5E4-2BB4B67DB8F7}.Debug|Any CPU.ActiveCfg = Debug|Any CPU
		{834A59B1-A82D-4284-B5E4-2BB4B67DB8F7}.Debug|Any CPU.Build.0 = Debug|Any CPU
		{834A59B1-A82D-4284-B5E4-2BB4B67DB8F7}.Release|Any CPU.ActiveCfg = Release|Any CPU
		{834A59B1-A82D-4284-B5E4-2BB4B67DB8F7}.Release|Any CPU.Build.0 = Release|Any CPU
		{AAFCF35B-5FF4-4793-ABFA-8A64CFB9E0CA}.Debug|Any CPU.ActiveCfg = Debug|Any CPU
		{AAFCF35B-5FF4-4793-ABFA-8A64CFB9E0CA}.Debug|Any CPU.Build.0 = Debug|Any CPU
		{AAFCF35B-5FF4-4793-ABFA-8A64CFB9E0CA}.Release|Any CPU.ActiveCfg = Release|Any CPU
		{AAFCF35B-5FF4-4793-ABFA-8A64CFB9E0CA}.Release|Any CPU.Build.0 = Release|Any CPU
		{2946462E-BC1B-4EA4-B001-1C36EAF8C10B}.Debug|Any CPU.ActiveCfg = Debug|Any CPU
		{2946462E-BC1B-4EA4-B001-1C36EAF8C10B}.Debug|Any CPU.Build.0 = Debug|Any CPU
		{2946462E-BC1B-4EA4-B001-1C36EAF8C10B}.Release|Any CPU.ActiveCfg = Release|Any CPU
		{2946462E-BC1B-4EA4-B001-1C36EAF8C10B}.Release|Any CPU.Build.0 = Release|Any CPU
		{ED561080-FDDF-4276-8E13-99AA6CE02A1B}.Debug|Any CPU.ActiveCfg = Debug|Any CPU
		{ED561080-FDDF-4276-8E13-99AA6CE02A1B}.Debug|Any CPU.Build.0 = Debug|Any CPU
		{ED561080-FDDF-4276-8E13-99AA6CE02A1B}.Release|Any CPU.ActiveCfg = Release|Any CPU
		{ED561080-FDDF-4276-8E13-99AA6CE02A1B}.Release|Any CPU.Build.0 = Release|Any CPU
	EndGlobalSection
	GlobalSection(SolutionProperties) = preSolution
		HideSolutionNode = FALSE
	EndGlobalSection
	GlobalSection(NestedProjects) = preSolution
		{8813BF7A-9EAE-43DD-AD9A-20C65E5DEC94} = {6AA01183-2B9D-4A1F-9685-2C41282F83F1}
		{9AA0C18C-8481-437F-88E2-6992B0E12821} = {4346E83F-0397-44D6-AB7B-61642E925FB9}
		{834A59B1-A82D-4284-B5E4-2BB4B67DB8F7} = {4346E83F-0397-44D6-AB7B-61642E925FB9}
		{AAFCF35B-5FF4-4793-ABFA-8A64CFB9E0CA} = {3119BCB4-8919-4EAA-905D-936696A18EB9}
		{2946462E-BC1B-4EA4-B001-1C36EAF8C10B} = {3119BCB4-8919-4EAA-905D-936696A18EB9}
		{ED561080-FDDF-4276-8E13-99AA6CE02A1B} = {6AA01183-2B9D-4A1F-9685-2C41282F83F1}
	EndGlobalSection
	GlobalSection(ExtensibilityGlobals) = postSolution
		SolutionGuid = {ABC70F17-9895-49A7-8040-FCD77C8F3E2D}
	EndGlobalSection
EndGlobal
